{
	"name": "@breakpoint/upload",
	"version": "1.0.0",
	"lockfileVersion": 1,
	"requires": true,
	"dependencies": {
		"@types/md5": {
			"version": "2.2.1",
			"resolved": "https://registry.npm.taobao.org/@types/md5/download/@types/md5-2.2.1.tgz",
			"integrity": "sha1-Di1l2PbMkar7yb5aTAj+6SUEBs4=",
			"requires": {
				"@types/node": "*"
			}
		},
		"@types/node": {
			"version": "14.14.16",
			"resolved": "https://registry.npm.taobao.org/@types/node/download/@types/node-14.14.16.tgz?cache=0&sync_timestamp=1608753389966&other_urls=https%3A%2F%2Fregistry.npm.taobao.org%2F%40types%2Fnode%2Fdownload%2F%40types%2Fnode-14.14.16.tgz",
			"integrity": "sha1-PMNR+NSBAd6t/tTJ5PEWBI1De0s="
		},
		"@types/spark-md5": {
			"version": "3.0.2",
			"resolved": "https://registry.npm.taobao.org/@types/spark-md5/download/@types/spark-md5-3.0.2.tgz?cache=0&sync_timestamp=1605059414111&other_urls=https%3A%2F%2Fregistry.npm.taobao.org%2F%40types%2Fspark-md5%2Fdownload%2F%40types%2Fspark-md5-3.0.2.tgz",
			"integrity": "sha1-2i6Kd4ogM1/E9AtkccSw2Gtw2lU=",
			"dev": true
		},
		"charenc": {
			"version": "0.0.2",
			"resolved": "https://registry.npm.taobao.org/charenc/download/charenc-0.0.2.tgz",
			"integrity": "sha1-wKHS86cJLgN3S/qD8UwPxXkKhmc="
		},
		"crypt": {
			"version": "0.0.2",
			"resolved": "https://registry.npm.taobao.org/crypt/download/crypt-0.0.2.tgz",
			"integrity": "sha1-iNf/fsDfuG9xPch7u0LQRNPmxBs="
		},
		"is-buffer": {
			"version": "1.1.6",
			"resolved": "https://registry.npm.taobao.org/is-buffer/download/is-buffer-1.1.6.tgz?cache=0&sync_timestamp=1604429876103&other_urls=https%3A%2F%2Fregistry.npm.taobao.org%2Fis-buffer%2Fdownload%2Fis-buffer-1.1.6.tgz",
			"integrity": "sha1-76ouqdqg16suoTqXsritUf776L4="
		},
		"md5": {
			"version": "2.3.0",
			"resolved": "https://registry.npm.taobao.org/md5/download/md5-2.3.0.tgz?cache=0&sync_timestamp=1596365225537&other_urls=https%3A%2F%2Fregistry.npm.taobao.org%2Fmd5%2Fdownload%2Fmd5-2.3.0.tgz",
			"integrity": "sha1-w9qaaq46MLRreww0m4exENw72k8=",
			"requires": {
				"charenc": "0.0.2",
				"crypt": "0.0.2",
				"is-buffer": "~1.1.6"
			}
		},
		"spark-md5": {
			"version": "3.0.1",
			"resolved": "https://registry.npm.taobao.org/spark-md5/download/spark-md5-3.0.1.tgz",
			"integrity": "sha1-g6DiVXNPKrTlxGblos/JuiqiEk0="
		}
	}
}
